Microsoft Visual Studio Solution File, Format Version 12.00
# Visual Studio Version 17
VisualStudioVersion = 17.10.34928.147
MinimumVisualStudioVersion = 10.0.40219.1
Project("{9A19103F-16F7-4668-BE54-9A1E7A4F7556}") = "Noei.BPMS.AppHost", "Noei.BPMS.AppHost\Noei.BPMS.AppHost.csproj", "{229C1B9A-0E47-4B43-8155-732C0E748885}"
EndProject
Project("{9A19103F-16F7-4668-BE54-9A1E7A4F7556}") = "Noei.BPMS.ServiceDefaults", "Noei.BPMS.ServiceDefaults\Noei.BPMS.ServiceDefaults.csproj", "{3A964607-BF8B-4CED-AE49-8A6F255F96F9}"
EndProject
Project("{9A19103F-16F7-4668-BE54-9A1E7A4F7556}") = "Noei.BPMS.Domain", "Noei.BPMS.Domain\Noei.BPMS.Domain.csproj", "{70538BC7-BD34-4400-9E73-46A24570A18F}"
EndProject
Project("{FAE04EC0-301F-11D3-BF4B-00C04F79EFBC}") = "Noei.BPMS.Data", "Noei.BPMS.Data\Noei.BPMS.Data.csproj", "{66FD9166-1A05-4417-9AEA-9FD43A957D31}"
EndProject
Project("{FAE04EC0-301F-11D3-BF4B-00C04F79EFBC}") = "Noei.BPMS.Data.SqlServer", "Noei.BPMS.Data.SqlServer\Noei.BPMS.Data.SqlServer.csproj", "{A30B5FC7-E67D-49A0-AC21-90CE249D4557}"
EndProject
Project("{9A19103F-16F7-4668-BE54-9A1E7A4F7556}") = "Noei.BPMS.DatabaseMigration", "Noei.BPMS.DatabaseMigration\Noei.BPMS.DatabaseMigration.csproj", "{B1F1FB0B-0C20-40C9-8D1C-18C3B84B324B}"
EndProject
Project("{FAE04EC0-301F-11D3-BF4B-00C04F79EFBC}") = "Noei.BPMS.Presentation.Dto", "Noei.BPMS.Presentation.Dto\Noei.BPMS.Presentation.Dto.csproj", "{C900C7DA-16C3-4916-B0BA-B547AB583D4E}"
EndProject
Project("{9A19103F-16F7-4668-BE54-9A1E7A4F7556}") = "Noei.BPMS.Service", "Noei.BPMS.Service\Noei.BPMS.Service.csproj", "{C067FFD0-6091-410C-87E2-530EEC9993BB}"
EndProject
Global
	GlobalSection(SolutionConfigurationPlatforms) = preSolution
		Debug|Any CPU = Debug|Any CPU
		Release|Any CPU = Release|Any CPU
	EndGlobalSection
	GlobalSection(ProjectConfigurationPlatforms) = postSolution
		{229C1B9A-0E47-4B43-8155-732C0E748885}.Debug|Any CPU.ActiveCfg = Debug|Any CPU
		{229C1B9A-0E47-4B43-8155-732C0E748885}.Debug|Any CPU.Build.0 = Debug|Any CPU
		{229C1B9A-0E47-4B43-8155-732C0E748885}.Release|Any CPU.ActiveCfg = Release|Any CPU
		{229C1B9A-0E47-4B43-8155-732C0E748885}.Release|Any CPU.Build.0 = Release|Any CPU
		{3A964607-BF8B-4CED-AE49-8A6F255F96F9}.Debug|Any CPU.ActiveCfg = Debug|Any CPU
		{3A964607-BF8B-4CED-AE49-8A6F255F96F9}.Debug|Any CPU.Build.0 = Debug|Any CPU
		{3A964607-BF8B-4CED-AE49-8A6F255F96F9}.Release|Any CPU.ActiveCfg = Release|Any CPU
		{3A964607-BF8B-4CED-AE49-8A6F255F96F9}.Release|Any CPU.Build.0 = Release|Any CPU
		{70538BC7-BD34-4400-9E73-46A24570A18F}.Debug|Any CPU.ActiveCfg = Debug|Any CPU
		{70538BC7-BD34-4400-9E73-46A24570A18F}.Debug|Any CPU.Build.0 = Debug|Any CPU
		{70538BC7-BD34-4400-9E73-46A24570A18F}.Release|Any CPU.ActiveCfg = Release|Any CPU
		{70538BC7-BD34-4400-9E73-46A24570A18F}.Release|Any CPU.Build.0 = Release|Any CPU
		{66FD9166-1A05-4417-9AEA-9FD43A957D31}.Debug|Any CPU.ActiveCfg = Debug|Any CPU
		{66FD9166-1A05-4417-9AEA-9FD43A957D31}.Debug|Any CPU.Build.0 = Debug|Any CPU
		{66FD9166-1A05-4417-9AEA-9FD43A957D31}.Release|Any CPU.ActiveCfg = Release|Any CPU
		{66FD9166-1A05-4417-9AEA-9FD43A957D31}.Release|Any CPU.Build.0 = Release|Any CPU
		{A30B5FC7-E67D-49A0-AC21-90CE249D4557}.Debug|Any CPU.ActiveCfg = Debug|Any CPU
		{A30B5FC7-E67D-49A0-AC21-90CE249D4557}.Debug|Any CPU.Build.0 = Debug|Any CPU
		{A30B5FC7-E67D-49A0-AC21-90CE249D4557}.Release|Any CPU.ActiveCfg = Release|Any CPU
		{A30B5FC7-E67D-49A0-AC21-90CE249D4557}.Release|Any CPU.Build.0 = Release|Any CPU
		{B1F1FB0B-0C20-40C9-8D1C-18C3B84B324B}.Debug|Any CPU.ActiveCfg = Debug|Any CPU
		{B1F1FB0B-0C20-40C9-8D1C-18C3B84B324B}.Debug|Any CPU.Build.0 = Debug|Any CPU
		{B1F1FB0B-0C20-40C9-8D1C-18C3B84B324B}.Release|Any CPU.ActiveCfg = Release|Any CPU
		{B1F1FB0B-0C20-40C9-8D1C-18C3B84B324B}.Release|Any CPU.Build.0 = Release|Any CPU
		{C900C7DA-16C3-4916-B0BA-B547AB583D4E}.Debug|Any CPU.ActiveCfg = Debug|Any CPU
		{C900C7DA-16C3-4916-B0BA-B547AB583D4E}.Debug|Any CPU.Build.0 = Debug|Any CPU
		{C900C7DA-16C3-4916-B0BA-B547AB583D4E}.Release|Any CPU.ActiveCfg = Release|Any CPU
		{C900C7DA-16C3-4916-B0BA-B547AB583D4E}.Release|Any CPU.Build.0 = Release|Any CPU
		{C067FFD0-6091-410C-87E2-530EEC9993BB}.Debug|Any CPU.ActiveCfg = Debug|Any CPU
		{C067FFD0-6091-410C-87E2-530EEC9993BB}.Debug|Any CPU.Build.0 = Debug|Any CPU
		{C067FFD0-6091-410C-87E2-530EEC9993BB}.Release|Any CPU.ActiveCfg = Release|Any CPU
		{C067FFD0-6091-410C-87E2-530EEC9993BB}.Release|Any CPU.Build.0 = Release|Any CPU
	EndGlobalSection
	GlobalSection(SolutionProperties) = preSolution
		HideSolutionNode = FALSE
	EndGlobalSection
	GlobalSection(ExtensibilityGlobals) = postSolution
		SolutionGuid = {57BAA073-4613-415C-A487-EF4B035EB685}
	EndGlobalSection
EndGlobal
